PODS:
  - Flutter (1.0.0)
  - flutter_openim_sdk (0.0.1):
    - Flutter

DEPENDENCIES:
  - Flutter (from `Flutter`)
  - flutter_openim_sdk (from `.symlinks/plugins/flutter_openim_sdk/ios`)

EXTERNAL SOURCES:
  Flutter:
    :path: Flutter
  flutter_openim_sdk:
    :path: ".symlinks/plugins/flutter_openim_sdk/ios"

SPEC CHECKSUMS:
  Flutter: e0871f40cf51350855a761d2e70bf5af5b9b5de7
  flutter_openim_sdk: e26e40c0df77e99aa7ba9fa0c8fe249238de3916

PODFILE CHECKSUM: 7368163408c647b7eb699d0d788ba6718e18fb8d

COCOAPODS: 1.15.2
